
Microsoft Visual Studio Solution File, Format Version 12.00
# Visual Studio Version 16
VisualStudioVersion = 16.0.29324.140
MinimumVisualStudioVersion = 10.0.40219.1
Project("{FAE04EC0-301F-11D3-BF4B-00C04F79EFBC}") = "Neo", "Neo\Neo.csproj", "{34980FFB-3571-4A11-99D5-13EEE5E44E09}"
EndProject
Global
	GlobalSection(SolutionConfigurationPlatforms) = preSolution
		Debug|Any CPU = Debug|Any CPU
		Release|Any CPU = Release|Any CPU
	EndGlobalSection
	GlobalSection(ProjectConfigurationPlatforms) = postSolution
		{34980FFB-3571-4A11-99D5-13EEE5E44E09}.Debug|Any CPU.ActiveCfg = Debug|Any CPU
		{34980FFB-3571-4A11-99D5-13EEE5E44E09}.Debug|Any CPU.Build.0 = Debug|Any CPU
		{34980FFB-3571-4A11-99D5-13EEE5E44E09}.Release|Any CPU.ActiveCfg = Release|Any CPU
		{34980FFB-3571-4A11-99D5-13EEE5E44E09}.Release|Any CPU.Build.0 = Release|Any CPU
	EndGlobalSection
	GlobalSection(SolutionProperties) = preSolution
		HideSolutionNode = FALSE
	EndGlobalSection
	GlobalSection(ExtensibilityGlobals) = postSolution
		SolutionGuid = {EDE7BC2A-BE71-409F-A9D5-5677D3CAB134}
	EndGlobalSection
EndGlobal
